
Microsoft Visual Studio Solution File, Format Version 12.00
# Visual Studio 15
VisualStudioVersion = 15.0.28307.757
MinimumVisualStudioVersion = 10.0.40219.1
Project("{FAE04EC0-301F-11D3-BF4B-00C04F79EFBC}") = "Sodiacal_Sign", "Sodiacal_Sign\Sodiacal_Sign.csproj", "{AE3AB263-DD4B-4FEA-9CB5-977CDD3BAA26}"
EndProject
Global
	GlobalSection(SolutionConfigurationPlatforms) = preSolution
		Debug|Any CPU = Debug|Any CPU
		Release|Any CPU = Release|Any CPU
	EndGlobalSection
	GlobalSection(ProjectConfigurationPlatforms) = postSolution
		{AE3AB263-DD4B-4FEA-9CB5-977CDD3BAA26}.Debug|Any CPU.ActiveCfg = Debug|Any CPU
		{AE3AB263-DD4B-4FEA-9CB5-977CDD3BAA26}.Debug|Any CPU.Build.0 = Debug|Any CPU
		{AE3AB263-DD4B-4FEA-9CB5-977CDD3BAA26}.Release|Any CPU.ActiveCfg = Release|Any CPU
		{AE3AB263-DD4B-4FEA-9CB5-977CDD3BAA26}.Release|Any CPU.Build.0 = Release|Any CPU
	EndGlobalSection
	GlobalSection(SolutionProperties) = preSolution
		HideSolutionNode = FALSE
	EndGlobalSection
	GlobalSection(ExtensibilityGlobals) = postSolution
		SolutionGuid = {C9E7E0B2-8B30-4975-879B-95A72C4CD347}
	EndGlobalSection
EndGlobal
